
Microsoft Visual Studio Solution File, Format Version 11.00
# Visual Studio 2010
Project("{FAE04EC0-301F-11D3-BF4B-00C04F79EFBC}") = "SuperManBlog", "SuperManBlog\SuperManBlog.csproj", "{52B413E9-5749-4E69-8411-481C36F5F754}"
EndProject
Global
	GlobalSection(SolutionConfigurationPlatforms) = preSolution
		Debug|Any CPU = Debug|Any CPU
		Release|Any CPU = Release|Any CPU
	EndGlobalSection
	GlobalSection(ProjectConfigurationPlatforms) = postSolution
		{52B413E9-5749-4E69-8411-481C36F5F754}.Debug|Any CPU.ActiveCfg = Debug|Any CPU
		{52B413E9-5749-4E69-8411-481C36F5F754}.Debug|Any CPU.Build.0 = Debug|Any CPU
		{52B413E9-5749-4E69-8411-481C36F5F754}.Release|Any CPU.ActiveCfg = Release|Any CPU
		{52B413E9-5749-4E69-8411-481C36F5F754}.Release|Any CPU.Build.0 = Release|Any CPU
	EndGlobalSection
	GlobalSection(SolutionProperties) = preSolution
		HideSolutionNode = FALSE
	EndGlobalSection
EndGlobal
